// !$*UTF8*$!
{
	archiveVersion = 1;
	classes = {
	};
	objectVersion = 46;
	objects = {

/* Begin PBXBuildFile section */
		0E6FFA411E40EC66004AD6D3 /* Timer.cpp in Sources */ = {isa = PBXBuildFile; fileRef = 0E6FFA3F1E40EC66004AD6D3 /* Timer.cpp */; };
		0EF9AAAC1E3B9A3700ACD956 /* Runner.cpp in Sources */ = {isa = PBXBuildFile; fileRef = 0EF9AAAB1E3B9A3700ACD956 /* Runner.cpp */; };
		0EF9AAB01E3B9D1300ACD956 /* Controller.cpp in Sources */ = {isa = PBXBuildFile; fileRef = 0EF9AAAE1E3B9D1300ACD956 /* Controller.cpp */; };
/* End PBXBuildFile section */

/* Begin PBXCopyFilesBuildPhase section */
		0EF9AA9D1E3B992500ACD956 /* CopyFiles */ = {
			isa = PBXCopyFilesBuildPhase;
			buildActionMask = 2147483647;
			dstPath = /usr/share/man/man1/;
			dstSubfolderSpec = 0;
			files = (
			);
			runOnlyForDeploymentPostprocessing = 1;
		};
/* End PBXCopyFilesBuildPhase section */

/* Begin PBXFileReference section */
		0E6FFA3F1E40EC66004AD6D3 /* Timer.cpp */ = {isa = PBXFileReference; fileEncoding = 4; lastKnownFileType = sourcecode.cpp.cpp; name = Timer.cpp; path = "SecondC++Project/Model/Timer.cpp"; sourceTree = "<group>"; };
		0E6FFA401E40EC66004AD6D3 /* Timer.hpp */ = {isa = PBXFileReference; fileEncoding = 4; lastKnownFileType = sourcecode.cpp.h; name = Timer.hpp; path = "SecondC++Project/Model/Timer.hpp"; sourceTree = "<group>"; };
		0EF9AA9F1E3B992600ACD956 /* SecondC++Project */ = {isa = PBXFileReference; explicitFileType = "compiled.mach-o.executable"; includeInIndex = 0; path = "SecondC++Project"; sourceTree = BUILT_PRODUCTS_DIR; };
		0EF9AAAB1E3B9A3700ACD956 /* Runner.cpp */ = {isa = PBXFileReference; fileEncoding = 4; lastKnownFileType = sourcecode.cpp.cpp; name = Runner.cpp; path = controller/Runner.cpp; sourceTree = "<group>"; };
		0EF9AAAE1E3B9D1300ACD956 /* Controller.cpp */ = {isa = PBXFileReference; fileEncoding = 4; lastKnownFileType = sourcecode.cpp.cpp; name = Controller.cpp; path = controller/Controller.cpp; sourceTree = "<group>"; };
		0EF9AAAF1E3B9D1300ACD956 /* Controller.hpp */ = {isa = PBXFileReference; fileEncoding = 4; lastKnownFileType = sourcecode.cpp.h; name = Controller.hpp; path = controller/Controller.hpp; sourceTree = "<group>"; };
/* End PBXFileReference section */

/* Begin PBXFrameworksBuildPhase section */
		0EF9AA9C1E3B992500ACD956 /* Frameworks */ = {
			isa = PBXFrameworksBuildPhase;
			buildActionMask = 2147483647;
			files = (
			);
			runOnlyForDeploymentPostprocessing = 0;
		};
/* End PBXFrameworksBuildPhase section */

/* Begin PBXGroup section */
		0E6FFA3E1E40EC41004AD6D3 /* Model */ = {
			isa = PBXGroup;
			children = (
				0E6FFA3F1E40EC66004AD6D3 /* Timer.cpp */,
				0E6FFA401E40EC66004AD6D3 /* Timer.hpp */,
			);
			name = Model;
			sourceTree = "<group>";
		};
		0EF9AA961E3B992500ACD956 = {
			isa = PBXGroup;
			children = (
				0E6FFA3E1E40EC41004AD6D3 /* Model */,
				0EF9AAA11E3B992600ACD956 /* SecondC++Project */,
				0EF9AAA01E3B992600ACD956 /* Products */,
			);
			sourceTree = "<group>";
		};
		0EF9AAA01E3B992600ACD956 /* Products */ = {
			isa = PBXGroup;
			children = (
				0EF9AA9F1E3B992600ACD956 /* SecondC++Project */,
			);
			name = Products;
			sourceTree = "<group>";
		};
		0EF9AAA11E3B992600ACD956 /* SecondC++Project */ = {
			isa = PBXGroup;
			children = (
				0EF9AAAB1E3B9A3700ACD956 /* Runner.cpp */,
				0EF9AAAE1E3B9D1300ACD956 /* Controller.cpp */,
				0EF9AAAF1E3B9D1300ACD956 /* Controller.hpp */,
			);
			path = "SecondC++Project";
			sourceTree = "<group>";
		};
/* End PBXGroup section */

/* Begin PBXNativeTarget section */
		0EF9AA9E1E3B992500ACD956 /* SecondC++Project */ = {
			isa = PBXNativeTarget;
			buildConfigurationList = 0EF9AAA61E3B992600ACD956 /* Build configuration list for PBXNativeTarget "SecondC++Project" */;
			buildPhases = (
				0EF9AA9B1E3B992500ACD956 /* Sources */,
				0EF9AA9C1E3B992500ACD956 /* Frameworks */,
				0EF9AA9D1E3B992500ACD956 /* CopyFiles */,
			);
			buildRules = (
			);
			dependencies = (
			);
			name = "SecondC++Project";
			productName = "SecondC++Project";
			productReference = 0EF9AA9F1E3B992600ACD956 /* SecondC++Project */;
			productType = "com.apple.product-type.tool";
		};
/* End PBXNativeTarget section */

/* Begin PBXProject section */
		0EF9AA971E3B992500ACD956 /* Project object */ = {
			isa = PBXProject;
			attributes = {
				LastUpgradeCheck = 0810;
				ORGANIZATIONNAME = CTEC;
				TargetAttributes = {
					0EF9AA9E1E3B992500ACD956 = {
						CreatedOnToolsVersion = 8.1;
						ProvisioningStyle = Automatic;
					};
				};
			};
			buildConfigurationList = 0EF9AA9A1E3B992500ACD956 /* Build configuration list for PBXProject "SecondC++Project" */;
			compatibilityVersion = "Xcode 3.2";
			developmentRegion = English;
			hasScannedForEncodings = 0;
			knownRegions = (
				en,
			);
			mainGroup = 0EF9AA961E3B992500ACD956;
			productRefGroup = 0EF9AAA01E3B992600ACD956 /* Products */;
			projectDirPath = "";
			projectRoot = "";
			targets = (
				0EF9AA9E1E3B992500ACD956 /* SecondC++Project */,
			);
		};
/* End PBXProject section */

/* Begin PBXSourcesBuildPhase section */
		0EF9AA9B1E3B992500ACD956 /* Sources */ = {
			isa = PBXSourcesBuildPhase;
			buildActionMask = 2147483647;
			files = (
				0E6FFA411E40EC66004AD6D3 /* Timer.cpp in Sources */,
				0EF9AAAC1E3B9A3700ACD956 /* Runner.cpp in Sources */,
				0EF9AAB01E3B9D1300ACD956 /* Controller.cpp in Sources */,
			);
			runOnlyForDeploymentPostprocessing = 0;
		};
/* End PBXSourcesBuildPhase section */

/* Begin XCBuildConfiguration section */
		0EF9AAA41E3B992600ACD956 /* Debug */ = {
			isa = XCBuildConfiguration;
			buildSettings = {
				ALWAYS_SEARCH_USER_PATHS = NO;
				CLANG_ANALYZER_NONNULL = YES;
				CLANG_CXX_LANGUAGE_STANDARD = "gnu++0x";
				CLANG_CXX_LIBRARY = "libc++";
				CLANG_ENABLE_MODULES = YES;
				CLANG_ENABLE_OBJC_ARC = YES;
				CLANG_WARN_BOOL_CONVERSION = YES;
				CLANG_WARN_CONSTANT_CONVERSION = YES;
				CLANG_WARN_DIRECT_OBJC_ISA_USAGE = YES_ERROR;
				CLANG_WARN_DOCUMENTATION_COMMENTS = YES;
				CLANG_WARN_EMPTY_BODY = YES;
				CLANG_WARN_ENUM_CONVERSION = YES;
				CLANG_WARN_INFINITE_RECURSION = YES;
				CLANG_WARN_INT_CONVERSION = YES;
				CLANG_WARN_OBJC_ROOT_CLASS = YES_ERROR;
				CLANG_WARN_SUSPICIOUS_MOVES = YES;
				CLANG_WARN_UNREACHABLE_CODE = YES;
				CLANG_WARN__DUPLICATE_METHOD_MATCH = YES;
				CODE_SIGN_IDENTITY = "-";
				COPY_PHASE_STRIP = NO;
				DEBUG_INFORMATION_FORMAT = dwarf;
				ENABLE_STRICT_OBJC_MSGSEND = YES;
				ENABLE_TESTABILITY = YES;
				GCC_C_LANGUAGE_STANDARD = gnu99;
				GCC_DYNAMIC_NO_PIC = NO;
				GCC_NO_COMMON_BLOCKS = YES;
				GCC_OPTIMIZATION_LEVEL = 0;
				GCC_PREPROCESSOR_DEFINITIONS = (
					"DEBUG=1",
					"$(inherited)",
				);
				GCC_WARN_64_TO_32_BIT_CONVERSION = YES;
				GCC_WARN_ABOUT_RETURN_TYPE = YES_ERROR;
				GCC_WARN_UNDECLARED_SELECTOR = YES;
				GCC_WARN_UNINITIALIZED_AUTOS = YES_AGGRESSIVE;
				GCC_WARN_UNUSED_FUNCTION = YES;
				GCC_WARN_UNUSED_VARIABLE = YES;
				MACOSX_DEPLOYMENT_TARGET = 10.11;
				MTL_ENABLE_DEBUG_INFO = YES;
				ONLY_ACTIVE_ARCH = YES;
				SDKROOT = macosx;
			};
			name = Debug;
		};
		0EF9AAA51E3B992600ACD956 /* Release */ = {
			isa = XCBuildConfiguration;
			buildSettings = {
				ALWAYS_SEARCH_USER_PATHS = NO;
				CLANG_ANALYZER_NONNULL = YES;
				CLANG_CXX_LANGUAGE_STANDARD = "gnu++0x";
				CLANG_CXX_LIBRARY = "libc++";
				CLANG_ENABLE_MODULES = YES;
				CLANG_ENABLE_OBJC_ARC = YES;
				CLANG_WARN_BOOL_CONVERSION = YES;
				CLANG_WARN_CONSTANT_CONVERSION = YES;
				CLANG_WARN_DIRECT_OBJC_ISA_USAGE = YES_ERROR;
				CLANG_WARN_DOCUMENTATION_COMMENTS = YES;
				CLANG_WARN_EMPTY_BODY = YES;
				CLANG_WARN_ENUM_CONVERSION = YES;
				CLANG_WARN_INFINITE_RECURSION = YES;
				CLANG_WARN_INT_CONVERSION = YES;
				CLANG_WARN_OBJC_ROOT_CLASS = YES_ERROR;
				CLANG_WARN_SUSPICIOUS_MOVES = YES;
				CLANG_WARN_UNREACHABLE_CODE = YES;
				CLANG_WARN__DUPLICATE_METHOD_MATCH = YES;
				CODE_SIGN_IDENTITY = "-";
				COPY_PHASE_STRIP = NO;
				DEBUG_INFORMATION_FORMAT = "dwarf-with-dsym";
				ENABLE_NS_ASSERTIONS = NO;
				ENABLE_STRICT_OBJC_MSGSEND = YES;
				GCC_C_LANGUAGE_STANDARD = gnu99;
				GCC_NO_COMMON_BLOCKS = YES;
				GCC_WARN_64_TO_32_BIT_CONVERSION = YES;
				GCC_WARN_ABOUT_RETURN_TYPE = YES_ERROR;
				GCC_WARN_UNDECLARED_SELECTOR = YES;
				GCC_WARN_UNINITIALIZED_AUTOS = YES_AGGRESSIVE;
				GCC_WARN_UNUSED_FUNCTION = YES;
				GCC_WARN_UNUSED_VARIABLE = YES;
				MACOSX_DEPLOYMENT_TARGET = 10.11;
				MTL_ENABLE_DEBUG_INFO = NO;
				SDKROOT = macosx;
			};
			name = Release;
		};
		0EF9AAA71E3B992600ACD956 /* Debug */ = {
			isa = XCBuildConfiguration;
			buildSettings = {
				PRODUCT_NAME = "$(TARGET_NAME)";
			};
			name = Debug;
		};
		0EF9AAA81E3B992600ACD956 /* Release */ = {
			isa = XCBuildConfiguration;
			buildSettings = {
				PRODUCT_NAME = "$(TARGET_NAME)";
			};
			name = Release;
		};
/* End XCBuildConfiguration section */

/* Begin XCConfigurationList section */
		0EF9AA9A1E3B992500ACD956 /* Build configuration list for PBXProject "SecondC++Project" */ = {
			isa = XCConfigurationList;
			buildConfigurations = (
				0EF9AAA41E3B992600ACD956 /* Debug */,
				0EF9AAA51E3B992600ACD956 /* Release */,
			);
			defaultConfigurationIsVisible = 0;
			defaultConfigurationName = Release;
		};
		0EF9AAA61E3B992600ACD956 /* Build configuration list for PBXNativeTarget "SecondC++Project" */ = {
			isa = XCConfigurationList;
			buildConfigurations = (
				0EF9AAA71E3B992600ACD956 /* Debug */,
				0EF9AAA81E3B992600ACD956 /* Release */,
			);
			defaultConfigurationIsVisible = 0;
			defaultConfigurationName = Release;
		};
/* End XCConfigurationList section */
	};
	rootObject = 0EF9AA971E3B992500ACD956 /* Project object */;
}
